
Microsoft Visual Studio Solution File, Format Version 12.00
# Visual Studio Version 17
VisualStudioVersion = 17.7.34202.233
MinimumVisualStudioVersion = 10.0.40219.1
Project("{FAE04EC0-301F-11D3-BF4B-00C04F79EFBC}") = "Collegefest", "Collegefest\Collegefest.csproj", "{5F80E5F8-DAE6-4B51-89FB-BC3EE27DE6E7}"
EndProject
Global
	GlobalSection(SolutionConfigurationPlatforms) = preSolution
		Debug|Any CPU = Debug|Any CPU
		Release|Any CPU = Release|Any CPU
	EndGlobalSection
	GlobalSection(ProjectConfigurationPlatforms) = postSolution
		{5F80E5F8-DAE6-4B51-89FB-BC3EE27DE6E7}.Debug|Any CPU.ActiveCfg = Debug|Any CPU
		{5F80E5F8-DAE6-4B51-89FB-BC3EE27DE6E7}.Debug|Any CPU.Build.0 = Debug|Any CPU
		{5F80E5F8-DAE6-4B51-89FB-BC3EE27DE6E7}.Release|Any CPU.ActiveCfg = Release|Any CPU
		{5F80E5F8-DAE6-4B51-89FB-BC3EE27DE6E7}.Release|Any CPU.Build.0 = Release|Any CPU
	EndGlobalSection
	GlobalSection(SolutionProperties) = preSolution
		HideSolutionNode = FALSE
	EndGlobalSection
	GlobalSection(ExtensibilityGlobals) = postSolution
		SolutionGuid = {3F5259E7-82FE-4A0C-B74F-F40F65FE7B36}
	EndGlobalSection
EndGlobal
